
Microsoft Visual Studio Solution File, Format Version 12.00
# Visual Studio Version 17
VisualStudioVersion = 17.9.34607.119
MinimumVisualStudioVersion = 10.0.40219.1
Project("{9A19103F-16F7-4668-BE54-9A1E7A4F7556}") = "AnEoT.Tools.WordToMarkdown", "src\AnEoT.Tools.WordToMarkdown\AnEoT.Tools.WordToMarkdown.csproj", "{2E299DC2-60D4-49CB-921D-6B7A281F0167}"
EndProject
Project("{2150E333-8FDC-42A3-9474-1A3956D46DE8}") = "Soultion Files", "Soultion Files", "{F57FE41F-AA89-4E71-B963-5ED52A5C8A68}"
	ProjectSection(SolutionItems) = preProject
		.editorconfig = .editorconfig
		.gitattributes = .gitattributes
		.gitignore = .gitignore
		README.md = README.md
	EndProjectSection
EndProject
Project("{9A19103F-16F7-4668-BE54-9A1E7A4F7556}") = "AnEoT.Tools.MarkdownChecker", "src\AnEoT.Tools.MarkdownChecker\AnEoT.Tools.MarkdownChecker.csproj", "{9825BD59-5F85-45EF-AB97-2F83C623FEDA}"
EndProject
Project("{9A19103F-16F7-4668-BE54-9A1E7A4F7556}") = "AnEoT.Tools.Shared", "src\AnEoT.Tools.Shared\AnEoT.Tools.Shared.csproj", "{836EB1A6-5869-4FA6-B809-CF786A28B7C6}"
EndProject
Project("{9A19103F-16F7-4668-BE54-9A1E7A4F7556}") = "AnEoT.Tools.VolumeCreator", "src\AnEoT.Tools.VolumeCreator\AnEoT.Tools.VolumeCreator.csproj", "{67166576-C5E3-4091-9A88-1AC37B609B83}"
EndProject
Global
	GlobalSection(SolutionConfigurationPlatforms) = preSolution
		Debug|Any CPU = Debug|Any CPU
		Debug|ARM64 = Debug|ARM64
		Debug|x64 = Debug|x64
		Debug|x86 = Debug|x86
		Release|Any CPU = Release|Any CPU
		Release|ARM64 = Release|ARM64
		Release|x64 = Release|x64
		Release|x86 = Release|x86
	EndGlobalSection
	GlobalSection(ProjectConfigurationPlatforms) = postSolution
		{2E299DC2-60D4-49CB-921D-6B7A281F0167}.Debug|Any CPU.ActiveCfg = Debug|Any CPU
		{2E299DC2-60D4-49CB-921D-6B7A281F0167}.Debug|Any CPU.Build.0 = Debug|Any CPU
		{2E299DC2-60D4-49CB-921D-6B7A281F0167}.Debug|ARM64.ActiveCfg = Debug|Any CPU
		{2E299DC2-60D4-49CB-921D-6B7A281F0167}.Debug|ARM64.Build.0 = Debug|Any CPU
		{2E299DC2-60D4-49CB-921D-6B7A281F0167}.Debug|x64.ActiveCfg = Debug|Any CPU
		{2E299DC2-60D4-49CB-921D-6B7A281F0167}.Debug|x64.Build.0 = Debug|Any CPU
		{2E299DC2-60D4-49CB-921D-6B7A281F0167}.Debug|x86.ActiveCfg = Debug|Any CPU
		{2E299DC2-60D4-49CB-921D-6B7A281F0167}.Debug|x86.Build.0 = Debug|Any CPU
		{2E299DC2-60D4-49CB-921D-6B7A281F0167}.Release|Any CPU.ActiveCfg = Release|Any CPU
		{2E299DC2-60D4-49CB-921D-6B7A281F0167}.Release|Any CPU.Build.0 = Release|Any CPU
		{2E299DC2-60D4-49CB-921D-6B7A281F0167}.Release|ARM64.ActiveCfg = Release|Any CPU
		{2E299DC2-60D4-49CB-921D-6B7A281F0167}.Release|ARM64.Build.0 = Release|Any CPU
		{2E299DC2-60D4-49CB-921D-6B7A281F0167}.Release|x64.ActiveCfg = Release|Any CPU
		{2E299DC2-60D4-49CB-921D-6B7A281F0167}.Release|x64.Build.0 = Release|Any CPU
		{2E299DC2-60D4-49CB-921D-6B7A281F0167}.Release|x86.ActiveCfg = Release|Any CPU
		{2E299DC2-60D4-49CB-921D-6B7A281F0167}.Release|x86.Build.0 = Release|Any CPU
		{9825BD59-5F85-45EF-AB97-2F83C623FEDA}.Debug|Any CPU.ActiveCfg = Debug|Any CPU
		{9825BD59-5F85-45EF-AB97-2F83C623FEDA}.Debug|Any CPU.Build.0 = Debug|Any CPU
		{9825BD59-5F85-45EF-AB97-2F83C623FEDA}.Debug|ARM64.ActiveCfg = Debug|Any CPU
		{9825BD59-5F85-45EF-AB97-2F83C623FEDA}.Debug|ARM64.Build.0 = Debug|Any CPU
		{9825BD59-5F85-45EF-AB97-2F83C623FEDA}.Debug|x64.ActiveCfg = Debug|Any CPU
		{9825BD59-5F85-45EF-AB97-2F83C623FEDA}.Debug|x64.Build.0 = Debug|Any CPU
		{9825BD59-5F85-45EF-AB97-2F83C623FEDA}.Debug|x86.ActiveCfg = Debug|Any CPU
		{9825BD59-5F85-45EF-AB97-2F83C623FEDA}.Debug|x86.Build.0 = Debug|Any CPU
		{9825BD59-5F85-45EF-AB97-2F83C623FEDA}.Release|Any CPU.ActiveCfg = Release|Any CPU
		{9825BD59-5F85-45EF-AB97-2F83C623FEDA}.Release|Any CPU.Build.0 = Release|Any CPU
		{9825BD59-5F85-45EF-AB97-2F83C623FEDA}.Release|ARM64.ActiveCfg = Release|Any CPU
		{9825BD59-5F85-45EF-AB97-2F83C623FEDA}.Release|ARM64.Build.0 = Release|Any CPU
		{9825BD59-5F85-45EF-AB97-2F83C623FEDA}.Release|x64.ActiveCfg = Release|Any CPU
		{9825BD59-5F85-45EF-AB97-2F83C623FEDA}.Release|x64.Build.0 = Release|Any CPU
		{9825BD59-5F85-45EF-AB97-2F83C623FEDA}.Release|x86.ActiveCfg = Release|Any CPU
		{9825BD59-5F85-45EF-AB97-2F83C623FEDA}.Release|x86.Build.0 = Release|Any CPU
		{836EB1A6-5869-4FA6-B809-CF786A28B7C6}.Debug|Any CPU.ActiveCfg = Debug|Any CPU
		{836EB1A6-5869-4FA6-B809-CF786A28B7C6}.Debug|Any CPU.Build.0 = Debug|Any CPU
		{836EB1A6-5869-4FA6-B809-CF786A28B7C6}.Debug|ARM64.ActiveCfg = Debug|Any CPU
		{836EB1A6-5869-4FA6-B809-CF786A28B7C6}.Debug|ARM64.Build.0 = Debug|Any CPU
		{836EB1A6-5869-4FA6-B809-CF786A28B7C6}.Debug|x64.ActiveCfg = Debug|Any CPU
		{836EB1A6-5869-4FA6-B809-CF786A28B7C6}.Debug|x64.Build.0 = Debug|Any CPU
		{836EB1A6-5869-4FA6-B809-CF786A28B7C6}.Debug|x86.ActiveCfg = Debug|Any CPU
		{836EB1A6-5869-4FA6-B809-CF786A28B7C6}.Debug|x86.Build.0 = Debug|Any CPU
		{836EB1A6-5869-4FA6-B809-CF786A28B7C6}.Release|Any CPU.ActiveCfg = Release|Any CPU
		{836EB1A6-5869-4FA6-B809-CF786A28B7C6}.Release|Any CPU.Build.0 = Release|Any CPU
		{836EB1A6-5869-4FA6-B809-CF786A28B7C6}.Release|ARM64.ActiveCfg = Release|Any CPU
		{836EB1A6-5869-4FA6-B809-CF786A28B7C6}.Release|ARM64.Build.0 = Release|Any CPU
		{836EB1A6-5869-4FA6-B809-CF786A28B7C6}.Release|x64.ActiveCfg = Release|Any CPU
		{836EB1A6-5869-4FA6-B809-CF786A28B7C6}.Release|x64.Build.0 = Release|Any CPU
		{836EB1A6-5869-4FA6-B809-CF786A28B7C6}.Release|x86.ActiveCfg = Release|Any CPU
		{836EB1A6-5869-4FA6-B809-CF786A28B7C6}.Release|x86.Build.0 = Release|Any CPU
		{67166576-C5E3-4091-9A88-1AC37B609B83}.Debug|Any CPU.ActiveCfg = Debug|x64
		{67166576-C5E3-4091-9A88-1AC37B609B83}.Debug|Any CPU.Build.0 = Debug|x64
		{67166576-C5E3-4091-9A88-1AC37B609B83}.Debug|Any CPU.Deploy.0 = Debug|x64
		{67166576-C5E3-4091-9A88-1AC37B609B83}.Debug|ARM64.ActiveCfg = Debug|ARM64
		{67166576-C5E3-4091-9A88-1AC37B609B83}.Debug|ARM64.Build.0 = Debug|ARM64
		{67166576-C5E3-4091-9A88-1AC37B609B83}.Debug|ARM64.Deploy.0 = Debug|ARM64
		{67166576-C5E3-4091-9A88-1AC37B609B83}.Debug|x64.ActiveCfg = Debug|x64
		{67166576-C5E3-4091-9A88-1AC37B609B83}.Debug|x64.Build.0 = Debug|x64
		{67166576-C5E3-4091-9A88-1AC37B609B83}.Debug|x64.Deploy.0 = Debug|x64
		{67166576-C5E3-4091-9A88-1AC37B609B83}.Debug|x86.ActiveCfg = Debug|x86
		{67166576-C5E3-4091-9A88-1AC37B609B83}.Debug|x86.Build.0 = Debug|x86
		{67166576-C5E3-4091-9A88-1AC37B609B83}.Debug|x86.Deploy.0 = Debug|x86
		{67166576-C5E3-4091-9A88-1AC37B609B83}.Release|Any CPU.ActiveCfg = Release|x64
		{67166576-C5E3-4091-9A88-1AC37B609B83}.Release|Any CPU.Build.0 = Release|x64
		{67166576-C5E3-4091-9A88-1AC37B609B83}.Release|Any CPU.Deploy.0 = Release|x64
		{67166576-C5E3-4091-9A88-1AC37B609B83}.Release|ARM64.ActiveCfg = Release|ARM64
		{67166576-C5E3-4091-9A88-1AC37B609B83}.Release|ARM64.Build.0 = Release|ARM64
		{67166576-C5E3-4091-9A88-1AC37B609B83}.Release|ARM64.Deploy.0 = Release|ARM64
		{67166576-C5E3-4091-9A88-1AC37B609B83}.Release|x64.ActiveCfg = Release|x64
		{67166576-C5E3-4091-9A88-1AC37B609B83}.Release|x64.Build.0 = Release|x64
		{67166576-C5E3-4091-9A88-1AC37B609B83}.Release|x64.Deploy.0 = Release|x64
		{67166576-C5E3-4091-9A88-1AC37B609B83}.Release|x86.ActiveCfg = Release|x86
		{67166576-C5E3-4091-9A88-1AC37B609B83}.Release|x86.Build.0 = Release|x86
		{67166576-C5E3-4091-9A88-1AC37B609B83}.Release|x86.Deploy.0 = Release|x86
	EndGlobalSection
	GlobalSection(SolutionProperties) = preSolution
		HideSolutionNode = FALSE
	EndGlobalSection
	GlobalSection(ExtensibilityGlobals) = postSolution
		SolutionGuid = {40D76408-C664-47B7-B798-A98D8199A77C}
	EndGlobalSection
EndGlobal
