
Microsoft Visual Studio Solution File, Format Version 12.00
# Visual Studio Version 17
VisualStudioVersion = 17.9.34607.119
MinimumVisualStudioVersion = 10.0.40219.1
Project("{9A19103F-16F7-4668-BE54-9A1E7A4F7556}") = "AnEoT.Tools.WordToMarkdown", "src\AnEoT.Tools.WordToMarkdown\AnEoT.Tools.WordToMarkdown.csproj", "{2E299DC2-60D4-49CB-921D-6B7A281F0167}"
EndProject
Project("{888888A0-9F3D-457C-B088-3A5042F75D52}") = "AnEoT.Tools.DownloadPageUpdater", "src\AnEoT.Tools.DownloadPageUpdater\AnEoT.Tools.DownloadPageUpdater.pyproj", "{8F21A481-8494-4273-A531-62FBA13BF13D}"
EndProject
Global
	GlobalSection(SolutionConfigurationPlatforms) = preSolution
		Debug|Any CPU = Debug|Any CPU
		Release|Any CPU = Release|Any CPU
	EndGlobalSection
	GlobalSection(ProjectConfigurationPlatforms) = postSolution
		{2E299DC2-60D4-49CB-921D-6B7A281F0167}.Debug|Any CPU.ActiveCfg = Debug|Any CPU
		{2E299DC2-60D4-49CB-921D-6B7A281F0167}.Debug|Any CPU.Build.0 = Debug|Any CPU
		{2E299DC2-60D4-49CB-921D-6B7A281F0167}.Release|Any CPU.ActiveCfg = Release|Any CPU
		{2E299DC2-60D4-49CB-921D-6B7A281F0167}.Release|Any CPU.Build.0 = Release|Any CPU
		{8F21A481-8494-4273-A531-62FBA13BF13D}.Debug|Any CPU.ActiveCfg = Debug|Any CPU
		{8F21A481-8494-4273-A531-62FBA13BF13D}.Release|Any CPU.ActiveCfg = Release|Any CPU
	EndGlobalSection
	GlobalSection(SolutionProperties) = preSolution
		HideSolutionNode = FALSE
	EndGlobalSection
	GlobalSection(ExtensibilityGlobals) = postSolution
		SolutionGuid = {40D76408-C664-47B7-B798-A98D8199A77C}
	EndGlobalSection
EndGlobal
